
Microsoft Visual Studio Solution File, Format Version 11.00
# Visual Studio 2010
Project("{FAE04EC0-301F-11D3-BF4B-00C04F79EFBC}") = "WpfApplication6", "WpfApplication6\WpfApplication6.csproj", "{a8f79428-afba-45c7-8825-3a725f190ed3}"
EndProject
Global
	GlobalSection(SolutionConfigurationPlatforms) = preSolution
		Debug|Any CPU = Debug|Any CPU
		Release|Any CPU = Release|Any CPU
	EndGlobalSection
	GlobalSection(ProjectConfigurationPlatforms) = postSolution
		{A8F79428-AFBA-45C7-8825-3A725F190ED3}.Debug|Any CPU.ActiveCfg = Debug|Any CPU
		{A8F79428-AFBA-45C7-8825-3A725F190ED3}.Debug|Any CPU.Build.0 = Debug|Any CPU
		{A8F79428-AFBA-45C7-8825-3A725F190ED3}.Release|Any CPU.ActiveCfg = Release|Any CPU
		{A8F79428-AFBA-45C7-8825-3A725F190ED3}.Release|Any CPU.Build.0 = Release|Any CPU
	EndGlobalSection
EndGlobal
